# This file was autogenerated by Stack.
# You should not edit this file by hand.
# For more information, please see the documentation at:
#   https://docs.haskellstack.org/en/stable/lock_files

packages:
- completed:
    hackage: monad-validate-1.2.0.1@sha256:5a100da896f11ca4b7c123da85decbedeb46c37054a097f258ac911e715cb68d,2587
    pantry-tree:
      sha256: 034ee4de9765e38b763f5d73b236cc112205728e680cefbfe12d2882accc3264
      size: 611
  original:
    hackage: monad-validate-1.2.0.1
snapshots:
- completed:
    sha256: 859c14182cd0c4d1f9b0f7ff8baaefb15c778278fb0ea2fa90cfea326bb4e62c
    size: 598563
    url: https://raw.githubusercontent.com/commercialhaskell/stackage-snapshots/master/nightly/2023/2/27.yaml
  original: nightly-2023-02-27
