# This file was autogenerated by Stack.
# You should not edit this file by hand.
# For more information, please see the documentation at:
#   https://docs.haskellstack.org/en/stable/lock_files

packages:
- completed:
    hackage: hspec-2.8.1@sha256:56ad90d6eff8b046aea6dbf87dd2518dc1b0c171acdfec785d02b26bdbbb1438,1709
    pantry-tree:
      size: 583
      sha256: 0b59b0066e8e0e2f198aa6e0b955ae52e83344ada56b51f12f546536ad83685c
  original:
    hackage: hspec-2.8.1
- completed:
    hackage: hspec-core-2.8.1@sha256:7d51b4de1e9a3729942d39176fc711e7f925d1725897fd6a33fe03ffb151efd1,4955
    pantry-tree:
      size: 4312
      sha256: 22340a94c87218332673097c361e46c7002a54535e94c4a05fa5db071e99a022
  original:
    hackage: hspec-core-2.8.1
- completed:
    hackage: hspec-discover-2.8.1@sha256:bc492a149234cd60517e6bd9126e4bf36660700f54e49da3b51894b54e7c1bb9,2183
    pantry-tree:
      size: 1131
      sha256: 92366c772d6e3ac7224fe74d41e3a5dceca14b85cb27f35752d9d2f1c8d8eb25
  original:
    hackage: hspec-discover-2.8.1
- completed:
    hackage: hspec-junit-formatter-1.1.0.1@sha256:0365b3a5aa2e292604826c7cf99ace8b3248a369d8f5821edff9bc1031e16a5c,3853
    pantry-tree:
      size: 955
      sha256: 8220f330aacc9af1538624b03d2e01a5fcd9ba62c71401159a25cb731bde520e
  original:
    hackage: hspec-junit-formatter-1.1.0.1
- completed:
    hackage: memcache-0.2.0.1@sha256:ea46587ade8d687b1cb6de0c45f660c0cfcbaf8c9f1a95363974fd2f86cd23f9,3741
    pantry-tree:
      size: 885
      sha256: 2839d271885abae6ce89655af4110e86370cda8d57db26e8025fec2961728c00
  original:
    hackage: memcache-0.2.0.1
- completed:
    hackage: scientist-0.0.0.0@sha256:058c629a6805668f3a16c386dbc5dd90c1ce55ff2c7cf5672f0410bdb873d04c,2999
    pantry-tree:
      size: 1061
      sha256: 370ee941c6ce59486e5c27a1ce294e50ea47aa36a5bdd4f4eee0cd4834d8b763
  original:
    hackage: scientist-0.0.0.0
- completed:
    hackage: http-conduit-2.3.5@sha256:5fe21d4112d986b67eceff49fc253e9f557ab94461a1a018ae952e02aca0ce0f,2936
    pantry-tree:
      size: 784
      sha256: 0d8337f9580d08f11468688ed987405255e5b7191549180daaa747f830c85f61
  original:
    hackage: http-conduit-2.3.5
- completed:
    hackage: monad-logger-0.3.31@sha256:f5bcbbec846373b02f971ae5ce48699df352d52333ff52196cc1aa0ced18cc5d,1755
    pantry-tree:
      size: 396
      sha256: 247adebe690a9c4697bb40bead4c47692173abdee3645ce98fe383cc5f72e92e
  original:
    hackage: monad-logger-0.3.31
- completed:
    hackage: retry-0.8.1.0@sha256:a964bc798d9f3cb6020721e7992c1dce71c49cbbdc5c110038ccf9d1da59884d,2207
    pantry-tree:
      size: 433
      sha256: d2661a954fe017b9fcf60fba9226d66e1179983892fd255cd7279c12b8c820e8
  original:
    hackage: retry-0.8.1.0
- completed:
    hackage: QuickCheck-2.13.2@sha256:636e7265bf75122e7e2f97627c47aad3b772ee3b35b134cafb6095116ce8d07a,6974
    pantry-tree:
      size: 2202
      sha256: b917f922fc59d98d47b789f50c5a569d1b80ae08d52f4fbebbaad7fc62479e0d
  original:
    hackage: QuickCheck-2.13.2
- completed:
    hackage: random-1.1@sha256:7b67624fd76ddf97c206de0801dc7e888097e9d572974be9b9ea6551d76965df,1777
    pantry-tree:
      size: 637
      sha256: 14a1b01728c5584e87c9fa00746a66e28ffd89dd2c0eabd334c8463953496e1b
  original:
    hackage: random-1.1
- completed:
    hackage: splitmix-0.0.5@sha256:4a49661be63f5aea0e132e9ab51be918789bb4dceb4ab9b15b85ba9cbbef5999,5412
    pantry-tree:
      size: 1148
      sha256: b41d4f60cfabab8b02840906191013ee06fe2357371103a471c7cc55eda9e462
  original:
    hackage: splitmix-0.0.5
snapshots:
- completed:
    size: 509471
    url: https://raw.githubusercontent.com/commercialhaskell/stackage-snapshots/master/lts/12/26.yaml
    sha256: 95f014df58d0679b1c4a2b7bf2b652b61da8d30de5f571abb0d59015ef678646
  original: lts-12.26
