# This file was autogenerated by Stack.
# You should not edit this file by hand.
# For more information, please see the documentation at:
#   https://docs.haskellstack.org/en/stable/lock_files

packages:
- completed:
    hackage: Blammo-1.0.2.2@sha256:ffa21d4b43dbd871e9b97918412581bc7b34d95b1fe0ce058afe925d44b641e1,4166
    pantry-tree:
      size: 1257
      sha256: 45eadbef288fdfd99dcf8090d65a05ad7d6126103397e88d13210fb2aff2b4c2
  original:
    hackage: Blammo-1.0.2.2
- completed:
    hackage: bugsnag-1.0.0.1@sha256:a5b7afd9ff5bab322c1ce267ff0645afd7072071371462a0335f550609aa2546,4412
    pantry-tree:
      size: 1527
      sha256: d76d9f0f1468a6ecf4bb7b7f5f74fc3819009a99d983dff7a8285cc27e1c34f1
  original:
    hackage: bugsnag-1.0.0.1
- completed:
    hackage: bugsnag-wai-1.0.0.1@sha256:6d9ed5cc2450bcb2150aec4825df1376d6930f9ed4e79b0e74d30379a226418a,3196
    pantry-tree:
      size: 454
      sha256: c80a4c4e15eb2fd164fe430e4c1c420e62de42a1adaf415ac07befa8d0b36045
  original:
    hackage: bugsnag-wai-1.0.0.1
- completed:
    hackage: context-0.2.0.1@sha256:b5a1390a5ad11b7edd0449c9ef96823f082bff4988bd09583e37a4e93e9aad10,1891
    pantry-tree:
      size: 952
      sha256: ebb043dd007864588c6b1676a0d30e521deab4353a3f19716f6f6f7d52b62817
  original:
    hackage: context-0.2.0.1
- completed:
    hackage: ekg-core-0.1.1.7@sha256:f4f97b11411f18b7fe6eb85542445684c69dcb6ee3aebf995ca3052dc8970016,2037
    pantry-tree:
      size: 1073
      sha256: 251452bdfd5fc7c9150f75d5842b0c5b6d1f72e5bef6af37f8873f37872be4d2
  original:
    hackage: ekg-core-0.1.1.7
- completed:
    hackage: envparse-0.5.0@sha256:ba9ad793ed2fcfce644b3ebb8eb6c2fef2e44924f75e1b324956340e664c416e,2849
    pantry-tree:
      size: 1181
      sha256: 419a6843224ad32755064276f8e36500c71238db1b5807a2c9596fa4ed909a5a
  original:
    hackage: envparse-0.5.0
- completed:
    hackage: hspec-junit-formatter-1.1.0.2@sha256:9c30765a224e00d44686e47372f77415e54433823588a4a9637163c2750a1f5f,3825
    pantry-tree:
      size: 955
      sha256: 26c7f7fd08ba06b03e8e253902af8e9619d4bc5c7788caf61991d713b1467fc5
  original:
    hackage: hspec-junit-formatter-1.1.0.2
- completed:
    hackage: memcache-0.3.0.1@sha256:d69c6365b32a8bb8b7252d8040fb6d6304ce032604ffdfc2990a31778e4b54dd,3779
    pantry-tree:
      size: 944
      sha256: 30ea6868da386ad0dd69001441388da646aa72ab557bcbb19e6e6de0d5a77165
  original:
    hackage: memcache-0.3.0.1
- completed:
    hackage: monad-logger-aeson-0.3.0.2@sha256:28b424cef9799aa4a3e8680431dd571ba07b2fb05d4928703c209ee07a0c0a97,5193
    pantry-tree:
      size: 5103
      sha256: 9650ba64ec9e7eacb0ea6132c262ad458c78dfa9bc29cee5ade8c0bd8994cb27
  original:
    hackage: monad-logger-aeson-0.3.0.2
- completed:
    hackage: scientist-0.0.0.0@sha256:058c629a6805668f3a16c386dbc5dd90c1ce55ff2c7cf5672f0410bdb873d04c,2999
    pantry-tree:
      size: 1061
      sha256: 370ee941c6ce59486e5c27a1ce294e50ea47aa36a5bdd4f4eee0cd4834d8b763
  original:
    hackage: scientist-0.0.0.0
snapshots:
- completed:
    size: 618951
    url: https://raw.githubusercontent.com/commercialhaskell/stackage-snapshots/master/lts/19/14.yaml
    sha256: 4c31d4ef975b0211078862566aedf3b82b6cea569fc2cde4c72a51e5a8d236ce
  original: lts-19.14
