# This file was autogenerated by Stack.
# You should not edit this file by hand.
# For more information, please see the documentation at:
#   https://docs.haskellstack.org/en/stable/lock_files

packages:
- completed:
    hackage: Blammo-2.0.0.0@sha256:874b1572232d974b234ee8b2655b74ff15e3759abd2c1874d57ca35fe07002d4,4689
    pantry-tree:
      sha256: 6dece91d00f9a022a62eaa39bacc6ae34bce07cae77830edb2c2b8ad25061099
      size: 1647
  original:
    hackage: Blammo-2.0.0.0
- completed:
    hackage: Blammo-wai-0.0.0.0@sha256:4eab73c27798edec02d5398cd709e2a24200f5dad14954e6a6d1314e117dfcd8,2845
    pantry-tree:
      sha256: f0e79a1e18bb9fc5741b402133d78cf039f02736089ac68752d31462a29f4b54
      size: 338
  original:
    hackage: Blammo-wai-0.0.0.0
- completed:
    hackage: bugsnag-1.1.0.0@sha256:9723af13b09e7aed7e5855fcbcd7f89a904df80324f21d32480f01aabd8d035b,4565
    pantry-tree:
      sha256: 1c23c30271a5b136a165f817c6db2828b95b5d37399fe052f02d80049a464575
      size: 1664
  original:
    hackage: bugsnag-1.1.0.0
- completed:
    hackage: fast-logger-3.2.3@sha256:41b4f1c07d5ee4a7cc785689eb7772554d29ddbbcced3cc184fe50fc63ece3f7,2176
    pantry-tree:
      sha256: c4a8dcfa5f5bc3bd77cfe86d904e96f90607adc1e4f3f1cf082e722673ee7230
      size: 1302
  original:
    hackage: fast-logger-3.2.3
- completed:
    hackage: monad-validate-1.3.0.0@sha256:eb6ddd5c9cf72ff0563cba604fa00291376e96138fdb4932d00ff3a99d66706e,2605
    pantry-tree:
      sha256: 0b2a3a57be48fcc739708b214fca202f1e95b1cd773dd3bb9589d3007cf8cf5e
      size: 611
  original:
    hackage: monad-validate-1.3.0.0
- completed:
    hackage: hs-opentelemetry-api-0.1.0.0@sha256:8af01d0c81dd1af6d3293b105178fd9bfa0057c9eb88ac24d3c440bff660abe3,3705
    pantry-tree:
      sha256: 7c332e7241636097fe199bd87f57db333830bed416296e7ebf944497557f46be
      size: 3221
  original:
    hackage: hs-opentelemetry-api-0.1.0.0
- completed:
    hackage: hs-opentelemetry-instrumentation-persistent-0.1.0.0@sha256:920e078b1bc141527a10c547e887ddb8d6295b216c49c8d1fe94f243d832eff9,1824
    pantry-tree:
      sha256: 27f0fef99e1c6b58d7fa4a5a3119df612c7ac0687723dbd5cc200747c9fe1829
      size: 426
  original:
    hackage: hs-opentelemetry-instrumentation-persistent-0.1.0.0
- completed:
    hackage: hs-opentelemetry-instrumentation-wai-0.1.0.0@sha256:6019cf031b3edec6ff0ace0df4c2e41358b9e5d939e6c326e4e1df50726348ee,1852
    pantry-tree:
      sha256: affe8d2c4c55181c84fc74abef68fde5c11a99581fd29a97e6a8a9fd1e016a43
      size: 411
  original:
    hackage: hs-opentelemetry-instrumentation-wai-0.1.0.0
- completed:
    hackage: hs-opentelemetry-sdk-0.0.3.6@sha256:6776705a4e0c06c6a4bfa16a9bed3ba353901f52d214ac737f57ea7f8e1ed465,3746
    pantry-tree:
      sha256: 154663d933a44c350db6c98d2c14db192c14fd04a10c17d0ebb8090707bd359b
      size: 1430
  original:
    hackage: hs-opentelemetry-sdk-0.0.3.6
- completed:
    hackage: hspec-junit-formatter-1.1.1.0@sha256:fa2c908a6272c9e68f9c47bb70fa51333762dc90e7fc00c4abd6ca14501630cb,5753
    pantry-tree:
      sha256: 0ebf9df3fe67c556c938d6ab49adf4f78cfec85f08335ca543aadb976d353d4d
      size: 1279
  original:
    hackage: hspec-junit-formatter-1.1.1.0
- completed:
    hackage: hw-kafka-client-5.0.0@sha256:99ce4899a39e3be37acf013a2f8f12761e868bf9777c0135547fcfb4c6fbf882,4861
    pantry-tree:
      sha256: d87af59eabad9c90fdf2d778740374911dd3b15b767c8e9fe5ba33244f8952f7
      size: 2056
  original:
    hackage: hw-kafka-client-5.0.0
- completed:
    hackage: hs-opentelemetry-exporter-otlp-0.0.1.5@sha256:89b0a6481096a338fa6383fbdf08ccaa0eb7bb009c4cbb340894eac33e55c5de,2214
    pantry-tree:
      sha256: 744146043f5818ad2b7577a32862affcbf6ed400b097723eae9f6941d739365e
      size: 400
  original:
    hackage: hs-opentelemetry-exporter-otlp-0.0.1.5
- completed:
    hackage: hs-opentelemetry-propagator-b3-0.0.1.1@sha256:f0e9da77a888b89f81e5f5186788d5ace2a665e8914f6b446712a1c2edf17743,1854
    pantry-tree:
      sha256: 7ed0b0433837946d86f2ab364ef284dfc17fdcef9b4ea5fc48577a9441deeade
      size: 482
  original:
    hackage: hs-opentelemetry-propagator-b3-0.0.1.1
- completed:
    hackage: hs-opentelemetry-propagator-w3c-0.0.1.3@sha256:5dc2dbdd6b0a4e434ca5fd949e9ebe5611a5d513ef58009b935e9e810cc85d1b,1852
    pantry-tree:
      sha256: 84a8e40facf8df13084682a6e4852d940acc9d9abeaf2d716dbc9415258f4cc5
      size: 496
  original:
    hackage: hs-opentelemetry-propagator-w3c-0.0.1.3
- completed:
    hackage: hs-opentelemetry-otlp-0.0.1.0@sha256:88bb6b68f172a336f78018b0823f47363fb7408eb19f7301489f81ad4d5c0f33,2307
    pantry-tree:
      sha256: e56292fc693805babed3c7ba7fc54e59d2e9adbc38de6bcc659009e8b10b9a1b
      size: 2252
  original:
    hackage: hs-opentelemetry-otlp-0.0.1.0
- completed:
    hackage: thread-utils-context-0.3.0.4@sha256:e763da1c6cab3b6d378fb670ca74aa9bf03c9b61b6fcf7628c56363fb0e3e71e,1671
    pantry-tree:
      sha256: 57d909a991b5e0b4c7a28121cb52ee9c2db6c09e0419b89af6c82fae52be88d4
      size: 397
  original:
    hackage: thread-utils-context-0.3.0.4
- completed:
    hackage: thread-utils-finalizers-0.1.1.0@sha256:24944b71d9f1d01695a5908b4a3b44838fab870883114a323336d537995e0a5b,1381
    pantry-tree:
      sha256: 8c2c2e2e22c20bf3696ee6f30b50b3a9eeae187a22beb536441eefb0a3f9c549
      size: 400
  original:
    hackage: thread-utils-finalizers-0.1.1.0
- completed:
    hackage: hspec-api-2.10.0@sha256:68690737181eae90d25e214803d966658e661215ddf5e24f1495b54a71a09364,1509
    pantry-tree:
      sha256: 5f40ff2d1b0e137530fd5ea0790e0f8a08ea1552cf570627861e666bd291fad0
      size: 665
  original:
    hackage: hspec-api-2.10.0
snapshots:
- completed:
    sha256: a81fb3877c4f9031e1325eb3935122e608d80715dc16b586eb11ddbff8671ecd
    size: 640086
    url: https://raw.githubusercontent.com/commercialhaskell/stackage-snapshots/master/lts/21/25.yaml
  original: lts-21.25
