# This file was autogenerated by Stack.
# You should not edit this file by hand.
# For more information, please see the documentation at:
#   https://docs.haskellstack.org/en/stable/lock_files

packages:
- completed:
    name: hspec-junit-formatter
    version: 0.0.0.0
    git: https://github.com/freckle/hspec-junit-formatter
    pantry-tree:
      size: 678
      sha256: 3b2202ef0bfdf38a109e500aa9e13c070dfe962f1226a488e4dc74f8e1297391
    commit: 334e654d3ea7e7214706c1d39df292cbf1a46ac5
  original:
    git: https://github.com/freckle/hspec-junit-formatter
    commit: 334e654d3ea7e7214706c1d39df292cbf1a46ac5
snapshots:
- completed:
    size: 585393
    url: https://raw.githubusercontent.com/commercialhaskell/stackage-snapshots/master/lts/18/0.yaml
    sha256: c632012da648385b9fa3c29f4e0afd56ead299f1c5528ee789058be410e883c0
  original: lts-18.0
