# This file was autogenerated by Stack.
# You should not edit this file by hand.
# For more information, please see the documentation at:
#   https://docs.haskellstack.org/en/stable/lock_files

packages:
- completed:
    hackage: Blammo-1.0.2.2@sha256:ffa21d4b43dbd871e9b97918412581bc7b34d95b1fe0ce058afe925d44b641e1,4166
    pantry-tree:
      size: 1257
      sha256: 45eadbef288fdfd99dcf8090d65a05ad7d6126103397e88d13210fb2aff2b4c2
  original:
    hackage: Blammo-1.0.2.2
- completed:
    hackage: bugsnag-1.0.0.1@sha256:a5b7afd9ff5bab322c1ce267ff0645afd7072071371462a0335f550609aa2546,4412
    pantry-tree:
      size: 1527
      sha256: d76d9f0f1468a6ecf4bb7b7f5f74fc3819009a99d983dff7a8285cc27e1c34f1
  original:
    hackage: bugsnag-1.0.0.1
- completed:
    hackage: bugsnag-wai-1.0.0.1@sha256:6d9ed5cc2450bcb2150aec4825df1376d6930f9ed4e79b0e74d30379a226418a,3196
    pantry-tree:
      size: 454
      sha256: c80a4c4e15eb2fd164fe430e4c1c420e62de42a1adaf415ac07befa8d0b36045
  original:
    hackage: bugsnag-wai-1.0.0.1
- completed:
    hackage: ekg-core-0.1.1.7@sha256:f4f97b11411f18b7fe6eb85542445684c69dcb6ee3aebf995ca3052dc8970016,2037
    pantry-tree:
      size: 1073
      sha256: 251452bdfd5fc7c9150f75d5842b0c5b6d1f72e5bef6af37f8873f37872be4d2
  original:
    hackage: ekg-core-0.1.1.7
- completed:
    hackage: envparse-0.5.0@sha256:ba9ad793ed2fcfce644b3ebb8eb6c2fef2e44924f75e1b324956340e664c416e,2849
    pantry-tree:
      size: 1181
      sha256: 419a6843224ad32755064276f8e36500c71238db1b5807a2c9596fa4ed909a5a
  original:
    hackage: envparse-0.5.0
- completed:
    hackage: hspec-2.8.1@sha256:56ad90d6eff8b046aea6dbf87dd2518dc1b0c171acdfec785d02b26bdbbb1438,1709
    pantry-tree:
      size: 583
      sha256: 0b59b0066e8e0e2f198aa6e0b955ae52e83344ada56b51f12f546536ad83685c
  original:
    hackage: hspec-2.8.1
- completed:
    hackage: hspec-core-2.8.1@sha256:664ce9b49f473c3589f108d83a7e94f9c7f8d53ccbe59bb7e21ebc29ef875f7d,5065
    pantry-tree:
      size: 4312
      sha256: a19ca63031b1849e1c4c22004035db34e9f3afff5bb80045aa4b0edffaaf732a
  original:
    hackage: hspec-core-2.8.1
- completed:
    hackage: hspec-discover-2.8.1@sha256:bc492a149234cd60517e6bd9126e4bf36660700f54e49da3b51894b54e7c1bb9,2183
    pantry-tree:
      size: 1131
      sha256: 92366c772d6e3ac7224fe74d41e3a5dceca14b85cb27f35752d9d2f1c8d8eb25
  original:
    hackage: hspec-discover-2.8.1
- completed:
    hackage: hspec-junit-formatter-1.1.0.2@sha256:9c30765a224e00d44686e47372f77415e54433823588a4a9637163c2750a1f5f,3825
    pantry-tree:
      size: 955
      sha256: 26c7f7fd08ba06b03e8e253902af8e9619d4bc5c7788caf61991d713b1467fc5
  original:
    hackage: hspec-junit-formatter-1.1.0.2
- completed:
    hackage: http-conduit-2.3.5@sha256:5fe21d4112d986b67eceff49fc253e9f557ab94461a1a018ae952e02aca0ce0f,2936
    pantry-tree:
      size: 784
      sha256: 0d8337f9580d08f11468688ed987405255e5b7191549180daaa747f830c85f61
  original:
    hackage: http-conduit-2.3.5
- completed:
    hackage: memcache-0.3.0.1@sha256:d69c6365b32a8bb8b7252d8040fb6d6304ce032604ffdfc2990a31778e4b54dd,3779
    pantry-tree:
      size: 944
      sha256: 30ea6868da386ad0dd69001441388da646aa72ab557bcbb19e6e6de0d5a77165
  original:
    hackage: memcache-0.3.0.1
- completed:
    hackage: monad-logger-aeson-0.3.0.2@sha256:28b424cef9799aa4a3e8680431dd571ba07b2fb05d4928703c209ee07a0c0a97,5193
    pantry-tree:
      size: 5103
      sha256: 9650ba64ec9e7eacb0ea6132c262ad458c78dfa9bc29cee5ade8c0bd8994cb27
  original:
    hackage: monad-logger-aeson-0.3.0.2
- completed:
    hackage: retry-0.8.1.0@sha256:a964bc798d9f3cb6020721e7992c1dce71c49cbbdc5c110038ccf9d1da59884d,2207
    pantry-tree:
      size: 433
      sha256: d2661a954fe017b9fcf60fba9226d66e1179983892fd255cd7279c12b8c820e8
  original:
    hackage: retry-0.8.1.0
- completed:
    hackage: scientist-0.0.0.0@sha256:058c629a6805668f3a16c386dbc5dd90c1ce55ff2c7cf5672f0410bdb873d04c,2999
    pantry-tree:
      size: 1061
      sha256: 370ee941c6ce59486e5c27a1ce294e50ea47aa36a5bdd4f4eee0cd4834d8b763
  original:
    hackage: scientist-0.0.0.0
- completed:
    hackage: bugsnag-hs-0.2.0.8@sha256:978e699292a3910040f1525335284fb066c1c81f82130769df146c134dfecc64,1525
    pantry-tree:
      size: 456
      sha256: b3959ee9116623e6a44a842521bd8a4396549d22c118d249d77ebc02c6ab8630
  original:
    hackage: bugsnag-hs-0.2.0.8
- completed:
    hackage: ua-parser-0.7.7.0@sha256:c79b871fe57109afe988c965fddfeaf21892afbe38b5644519d898768f742cb2,2651
    pantry-tree:
      size: 1390
      sha256: 6f38f1c6aa6130c23847be326ab50bbdb257bd347c74b61ffc95981facf692f9
  original:
    hackage: ua-parser-0.7.7.0
- completed:
    hackage: network-3.1.0.0@sha256:85b36fea1dfe92af91b38224d6ea84eb0b17c03d9aed0260413be226722b0cd2,4074
    pantry-tree:
      size: 3296
      sha256: 73580e0327c74a22776e1bfcc09aee25769b13de972a94a84a20f522596ebfed
  original:
    hackage: network-3.1.0.0
- completed:
    hackage: connection-0.3.1@sha256:65da1c055610095733bcd228d85dff80804b23a5d18fede994a0f9fcd1b0c121,1554
    pantry-tree:
      size: 386
      sha256: 13a2c21049e69068e4c3d725533d94729772f2d3e05f5ef611bef28363b08798
  original:
    hackage: connection-0.3.1
- completed:
    hackage: simple-sendfile-0.2.30@sha256:c6893e159dc20eea6d0b805bfd8d9b73e6a6ba3fe72cc396acdc24fdcd33cc38,2676
    pantry-tree:
      size: 787
      sha256: be6c94ef2a9901e3c642f23a36f2cef8053e3d05779d12c8e625954448d73c55
  original:
    hackage: simple-sendfile-0.2.30
- completed:
    hackage: socks-0.6.1@sha256:ac190808eea704672df18f702e8f2ad0b7a4d0af528e95ee55ea6ee0be672e2a,1258
    pantry-tree:
      size: 692
      sha256: 53d29c06c42e737ae99660e077c7c4b286f1272b3394ad7f74163867a5b3b8fa
  original:
    hackage: socks-0.6.1
- completed:
    hackage: wai-extra-3.0.29@sha256:15b56672fce82b5ca9c7ccf4623ddb634628605ae4f820088e9e195a605355f7,7044
    pantry-tree:
      size: 3631
      sha256: 14c5bc3df5f79380de7566d10a33542ad2a8830f7e4b02b272391a74b44631c9
  original:
    hackage: wai-extra-3.0.29
- completed:
    hackage: warp-3.3.5@sha256:33f6563919d32eaac62fe297d29712586775d8592f09706ba41e2136414d83f7,10763
    pantry-tree:
      size: 3898
      sha256: 233768e5aa4338577412665a4e8ee388f9028d6ccdccdf2a8d680effdd6b49c4
  original:
    hackage: warp-3.3.5
- completed:
    hackage: http2-2.0.3@sha256:9431ecfc866a952fc011f90fe61d2e59b8bca5710478d301d5723d47a905b374,17724
    pantry-tree:
      size: 44789
      sha256: e75f7f5d591f32ca9fae441be3426e8c3065f2c75f2b84bdf28d62649b688e86
  original:
    hackage: http2-2.0.3
- completed:
    hackage: time-manager-0.0.0@sha256:d258b1d08f9b926823f5380e9201303b0ebeefe4f9e0047c0cbd7b6728135ee1,657
    pantry-tree:
      size: 217
      sha256: 8f5ff87a3d7eb8c01e1f309b580dafe1dc77d3334b0a161994c5fd3a6ed51385
  original:
    hackage: time-manager-0.0.0
- completed:
    hackage: network-byte-order-0.1.1.0@sha256:9f2dae0dd4ddd525aebe4d9ac3546c1f80324abfd921558d9271ca3117b53ac0,1250
    pantry-tree:
      size: 280
      sha256: b1531d038098f66707daea11712179323cce53ebcebf63152d9441e0d0c919f3
  original:
    hackage: network-byte-order-0.1.1.0
- completed:
    hackage: lens-aeson-1.1@sha256:5e370ed5785cb326ac901b0eb46e6f3be9ecdf9054cf6a165eed75079a05f3f1,2313
    pantry-tree:
      size: 809
      sha256: 3e2c4aa2317de24915669f70eb2a79f97c33072b272dfac12f7a286dde63a291
  original:
    hackage: lens-aeson-1.1
- completed:
    hackage: postgresql-simple-0.6.2@sha256:60f9e0473d21b83babd8f80ebd6e499fe2b4a463f1583579c87fcf87f962400f,5090
    pantry-tree:
      size: 4055
      sha256: 79534208b2a417a94f67a5e2212e87b5a1b83e2317d0620fa1ba2704888af33c
  original:
    hackage: postgresql-simple-0.6.2
- completed:
    hackage: persistent-2.9.0@sha256:47dd05ea965bb5cfc2744400fa3d63146d376b8e36b65b838efa0566f01601d4,4976
    pantry-tree:
      size: 2094
      sha256: 66d47a28cd3f8fa11ab06f667c3656129492ee0b9ab6dd8d46d848a2c1b1b601
  original:
    hackage: persistent-2.9.0
- completed:
    hackage: persistent-postgresql-2.9.0@sha256:506d5479b1b152c57fbbacdf213d0901f445359dbd4817ce10994f630fe73677,1721
    pantry-tree:
      size: 368
      sha256: 257a766471cfeb60f514766518f3b6ccc01e0120579913051af4aefef5486b94
  original:
    hackage: persistent-postgresql-2.9.0
- completed:
    hackage: MonadRandom-0.5.1.1@sha256:dc6026d0c95b501b1a40dea0e59e6604a4a9c26319a724d30b0d91c92ba72b3a,1450
    pantry-tree:
      size: 707
      sha256: 8cbd3cb0c593b01e4e3c6af561cda4fdc6b5b57f90605cdec626c70b5da1ee9f
  original:
    hackage: MonadRandom-0.5.1.1
- completed:
    hackage: QuickCheck-2.13.1@sha256:729061db99e45eb60dfe67e04dce0cc6656e80a74f07f8d60eefb44dce8de1f6,6772
    pantry-tree:
      size: 2202
      sha256: e7ac8b9d8cc3bd33e2e46b0427d4b1a0824776f275ceb7ef5aa9e55ca5dcb9de
  original:
    hackage: QuickCheck-2.13.1
- completed:
    hackage: aeson-1.5.2.0@sha256:d00c7aa51969b2849550e4dee14c9ce188504d55ed8d7f734ce9f6976db452f6,6786
    pantry-tree:
      size: 39758
      sha256: 992b01282d72e4db664289db69a846a4ec675379ca96824ba902a7541104d409
  original:
    hackage: aeson-1.5.2.0
- completed:
    hackage: assoc-1@sha256:8d32ce39b6b6ce15394e9346f9ddb8752885aaa506a603e65d1c2769aff79741,1024
    pantry-tree:
      size: 238
      sha256: a0ed2f5cc46ee2dbd01834788d98d903154c883d056b81765eec4861ec3efb45
  original:
    hackage: assoc-1
- completed:
    hackage: base-orphans-0.8.1@sha256:defd0057b5db93257528d89b5b01a0fee9738e878c121c686948ac4aa5dded63,2927
    pantry-tree:
      size: 1272
      sha256: e059f342ae4cd1edcbd90f5f69caab550a00cc64abcfd198ede188391ffe151f
  original:
    hackage: base-orphans-0.8.1
- completed:
    hackage: context-0.2.0.1@sha256:b5a1390a5ad11b7edd0449c9ef96823f082bff4988bd09583e37a4e93e9aad10,1891
    pantry-tree:
      size: 952
      sha256: ebb043dd007864588c6b1676a0d30e521deab4353a3f19716f6f6f7d52b62817
  original:
    hackage: context-0.2.0.1
- completed:
    hackage: primitive-0.7.4.0@sha256:89b88a3e08493b7727fa4089b0692bfbdf7e1e666ef54635f458644eb8358764,2857
    pantry-tree:
      size: 1655
      sha256: 71a850c658b70e869da19f61615d87d9d6ecec597f0e3d4b498da56559114829
  original:
    hackage: primitive-0.7.4.0
- completed:
    hackage: splitmix-0.0.2@sha256:e1c4d1202757d63cd4b4498d5fa600a792f2a315d2fdc6cf772f4679113c1819,3298
    pantry-tree:
      size: 496
      sha256: b5947f7eb9a466b0e60b4fa71e20ffcf9ce089505ea8ee89b04bd47eb8706365
  original:
    hackage: splitmix-0.0.2
- completed:
    hackage: tagged-0.8.6@sha256:7cce0b9355d1daad797555dfa906f756ed0253a40bc826ca367adf21d7b369f3,2606
    pantry-tree:
      size: 543
      sha256: a3eca0faaf7a4b2d415a8d700af434b65e58ccd7f6e353b0ac3435c308389681
  original:
    hackage: tagged-0.8.6
- completed:
    hackage: these-1.1@sha256:18ff38deaaf314cec509f9bd41c2a7a2a6b64210846eed89976173534b5bccb6,2650
    pantry-tree:
      size: 351
      sha256: 3b40e44bbd8f184b5c4a1a3134a4a0826a2aa03cd8b33f2e6533bd336e6f9fe8
  original:
    hackage: these-1.1
- completed:
    hackage: time-compat-1.9.2.2@sha256:ccf268e6ec91a6d9a79392697634c670c095a34a60d1ccfa1be1c84f20bb24c5,4254
    pantry-tree:
      size: 3602
      sha256: f16cc56a43fa6047ad46b23770d5a16b9c400fd8d019e9b010b766a13e8eb588
  original:
    hackage: time-compat-1.9.2.2
- completed:
    hackage: unordered-containers-0.2.10.0@sha256:5e9b095a9283d9e2f064fec73a81a6b6ea0b7fda3f219a8175785d2d2a3de204,5199
    pantry-tree:
      size: 1415
      sha256: dfc2d75f4e59c03e2c68be6909b577f26991367134eaac06a407e940e66856ae
  original:
    hackage: unordered-containers-0.2.10.0
- completed:
    hackage: vector-algorithms-0.8.0.1@sha256:8496dd4b5e79c37c064e69ce20c5bb31048dfb4b59ce43de6a01b5d0fa384457,3616
    pantry-tree:
      size: 1387
      sha256: b8e536953c2268f6d2d50f8fcffa1316cf3cf35c1288a18d9053f426ab967235
  original:
    hackage: vector-algorithms-0.8.0.1
snapshots:
- completed:
    size: 509471
    url: https://raw.githubusercontent.com/commercialhaskell/stackage-snapshots/master/lts/12/26.yaml
    sha256: 95f014df58d0679b1c4a2b7bf2b652b61da8d30de5f571abb0d59015ef678646
  original: lts-12.26
