# This file was autogenerated by Stack.
# You should not edit this file by hand.
# For more information, please see the documentation at:
#   https://docs.haskellstack.org/en/stable/lock_files

packages:
- completed:
    hackage: Blammo-1.0.2.2@sha256:ffa21d4b43dbd871e9b97918412581bc7b34d95b1fe0ce058afe925d44b641e1,4166
    pantry-tree:
      sha256: 45eadbef288fdfd99dcf8090d65a05ad7d6126103397e88d13210fb2aff2b4c2
      size: 1257
  original:
    hackage: Blammo-1.0.2.2
- completed:
    hackage: aws-xray-client-0.1.0.2@sha256:fb5d802756089eca28ca4cd6b41be373396fc660688dfcaf700f78f6dac64c85,3880
    pantry-tree:
      sha256: 4239fe58f8f1f7cd80e842c6879ca52dfd740054a175f9f738a4429a5d2837fa
      size: 931
  original:
    hackage: aws-xray-client-0.1.0.2
- completed:
    hackage: aws-xray-client-persistent-0.1.0.5@sha256:1fa09aa47ace9c80725832978bbf1ff41fd822d2bcc774d38fa7ecf80a4f5356,1613
    pantry-tree:
      sha256: 748cecc105cdd690b2f0f30eb6c1f7f59cb00414cd0ed941b7255c3612842292
      size: 263
  original:
    hackage: aws-xray-client-persistent-0.1.0.5
- completed:
    hackage: aws-xray-client-wai-0.1.0.2@sha256:16ea518b546599c30ca38f84667e780bb908b5c38cac078bbc99da54f280d1b0,1694
    pantry-tree:
      sha256: 0c5fca90b7a8aae0c2271ade74911a775cfc4525e50dc8590474423f1ee7e5df
      size: 248
  original:
    hackage: aws-xray-client-wai-0.1.0.2
- completed:
    hackage: bugsnag-1.0.0.0@sha256:0b5454bbf8527fc6e7f6fdbd4f21e0c1ce0387b690ee59175470d648f49a8cdc,4434
    pantry-tree:
      sha256: 219c6dc7aa9f1f24c2d80994cff0a60c039480da48e04368fb7ea34283164f86
      size: 1527
  original:
    hackage: bugsnag-1.0.0.0
- completed:
    hackage: bugsnag-wai-1.0.0.0@sha256:ddac5c4fd3cf6b810de6d97459a7e84e4adedb31e01def748f16949e2768dccb,3196
    pantry-tree:
      sha256: 00ab354122f20c1daf46ad32e36fd10f5dbf3afdffa94a30241e1354f4941311
      size: 454
  original:
    hackage: bugsnag-wai-1.0.0.0
- completed:
    hackage: context-0.2.0.1@sha256:b5a1390a5ad11b7edd0449c9ef96823f082bff4988bd09583e37a4e93e9aad10,1891
    pantry-tree:
      sha256: ebb043dd007864588c6b1676a0d30e521deab4353a3f19716f6f6f7d52b62817
      size: 952
  original:
    hackage: context-0.2.0.1
- completed:
    hackage: envparse-0.5.0@sha256:ba9ad793ed2fcfce644b3ebb8eb6c2fef2e44924f75e1b324956340e664c416e,2849
    pantry-tree:
      sha256: 419a6843224ad32755064276f8e36500c71238db1b5807a2c9596fa4ed909a5a
      size: 1181
  original:
    hackage: envparse-0.5.0
- completed:
    hackage: hspec-2.9.3@sha256:9b54d0c8ef8b3114aa39465a7b24658c987fbd6aab1479eafc00ee31da1be1de,1709
    pantry-tree:
      sha256: c4dc568111385baea4bd240d87fecf8df1d74474cca79b05e7af6009a7155550
      size: 583
  original:
    hackage: hspec-2.9.3
- completed:
    hackage: hspec-core-2.9.3@sha256:7ee9b50fa446eb05d8feb2314991fc836c914d5d2c3bda88e6dd272b38389325,6498
    pantry-tree:
      sha256: 5f05075378d26124143b2bff028325338ace9e6d5fbbc74b1671ff367aaabb6c
      size: 5684
  original:
    hackage: hspec-core-2.9.3
- completed:
    hackage: hspec-discover-2.9.3@sha256:9546ec2f89cff3770f470866bc47fb4b197c1d3180a862ccb053533133b4f8ee,2165
    pantry-tree:
      sha256: 5dca3f547fdb3f42d01eeb5bafd9d9b852d0cd6d8f5ed16b13fc257cff86285b
      size: 828
  original:
    hackage: hspec-discover-2.9.3
- completed:
    hackage: hspec-junit-formatter-1.1.0.1@sha256:0365b3a5aa2e292604826c7cf99ace8b3248a369d8f5821edff9bc1031e16a5c,3853
    pantry-tree:
      sha256: 8220f330aacc9af1538624b03d2e01a5fcd9ba62c71401159a25cb731bde520e
      size: 955
  original:
    hackage: hspec-junit-formatter-1.1.0.1
- completed:
    hackage: memcache-0.3.0.1@sha256:d69c6365b32a8bb8b7252d8040fb6d6304ce032604ffdfc2990a31778e4b54dd,3779
    pantry-tree:
      sha256: 30ea6868da386ad0dd69001441388da646aa72ab557bcbb19e6e6de0d5a77165
      size: 944
  original:
    hackage: memcache-0.3.0.1
- completed:
    hackage: monad-logger-aeson-0.3.0.2@sha256:28b424cef9799aa4a3e8680431dd571ba07b2fb05d4928703c209ee07a0c0a97,5193
    pantry-tree:
      sha256: 9650ba64ec9e7eacb0ea6132c262ad458c78dfa9bc29cee5ade8c0bd8994cb27
      size: 5103
  original:
    hackage: monad-logger-aeson-0.3.0.2
- completed:
    hackage: monad-validate-1.2.0.1@sha256:5a100da896f11ca4b7c123da85decbedeb46c37054a097f258ac911e715cb68d,2587
    pantry-tree:
      sha256: 034ee4de9765e38b763f5d73b236cc112205728e680cefbfe12d2882accc3264
      size: 611
  original:
    hackage: monad-validate-1.2.0.1
- completed:
    hackage: scientist-0.0.0.0@sha256:058c629a6805668f3a16c386dbc5dd90c1ce55ff2c7cf5672f0410bdb873d04c,2999
    pantry-tree:
      sha256: 370ee941c6ce59486e5c27a1ce294e50ea47aa36a5bdd4f4eee0cd4834d8b763
      size: 1061
  original:
    hackage: scientist-0.0.0.0
- completed:
    name: hs-opentelemetry-awsxray
    pantry-tree:
      sha256: 303a9154b10261e04dca4084d615a2ba15d83eace1854bb9362427daa778230d
      size: 2234
    sha256: 00fb4454006ed4c85bb8fa2d73f072f60415611e981ad9454efe77406db0ee78
    size: 13290
    url: https://github.com/freckle/hs-opentelemetry-awsxray/archive/1189301f706cf5dfd519f04715f50f604d6f03b5.tar.gz
    version: 0.0.0.0
  original:
    url: https://github.com/freckle/hs-opentelemetry-awsxray/archive/1189301f706cf5dfd519f04715f50f604d6f03b5.tar.gz
- completed:
    hackage: hs-opentelemetry-api-0.0.3.6@sha256:76345dca8efda3040f58e85fa8b17264505177928bd035936132448715437a7c,3428
    pantry-tree:
      sha256: 6bcb617406e61a2fa68ebc313fad675671ac8acb57a144da41201fa1a75cdaa3
      size: 2907
  original:
    hackage: hs-opentelemetry-api-0.0.3.6
- completed:
    hackage: hs-opentelemetry-exporter-otlp-0.0.1.4@sha256:25fcf5c2173f1dd3fe4f288f3232da70e9d8398363430932b7e2a278f78c3765,2150
    pantry-tree:
      sha256: 6d2ae7125938614e10d01b317d10bfd4575bb62889360c4476dda2b904766cda
      size: 400
  original:
    hackage: hs-opentelemetry-exporter-otlp-0.0.1.4
- completed:
    hackage: hs-opentelemetry-instrumentation-persistent-0.0.1.0@sha256:5963e5bf98ccf73543955ebd523c2a4776f7e6a2edf0feabbc44664153662caf,1669
    pantry-tree:
      sha256: 0cf9da228de66c804c8f945cc90301aa76b85d872011afb0bcaf02569c7b0903
      size: 424
  original:
    hackage: hs-opentelemetry-instrumentation-persistent-0.0.1.0
- completed:
    hackage: hs-opentelemetry-otlp-0.0.1.0@sha256:88bb6b68f172a336f78018b0823f47363fb7408eb19f7301489f81ad4d5c0f33,2307
    pantry-tree:
      sha256: e56292fc693805babed3c7ba7fc54e59d2e9adbc38de6bcc659009e8b10b9a1b
      size: 2252
  original:
    hackage: hs-opentelemetry-otlp-0.0.1.0
- completed:
    hackage: hs-opentelemetry-propagator-w3c-0.0.1.2@sha256:ba1e33ff73bec76ec53b049b0cb3d1a65a6849a60c0da08bbef308f0edc241d1,1751
    pantry-tree:
      sha256: 3f3a81317fe511bf11191d6ea186d7c98c7fd794b32cc358606ee681637b2a0e
      size: 496
  original:
    hackage: hs-opentelemetry-propagator-w3c-0.0.1.2
- completed:
    hackage: hs-opentelemetry-sdk-0.0.3.4@sha256:b33cb9e705ea3c591df324976d47ae2b11087af6a0533221840cec2a929db331,3638
    pantry-tree:
      sha256: 7445b1dbd5c88677567712bb9cc4e2caa9ef3923662a2afcbad959c22c9b295e
      size: 1430
  original:
    hackage: hs-opentelemetry-sdk-0.0.3.4
- completed:
    hackage: proto-lens-0.7.1.0@sha256:b151890929e71db5b8c2ad86cd758bcdf1dfcf25f34eb6c9ce19e3d7cd4eae39,2959
    pantry-tree:
      sha256: 2f1199d04d0588805e06faa0bf9a75898584d76243d4f945acbcc0e93913732e
      size: 1857
  original:
    hackage: proto-lens-0.7.1.0
- completed:
    hackage: proto-lens-runtime-0.7.0.3@sha256:5165848fa8c112716a4d550dcd8dda8858226294ce3e24462e5b0d9050de9899,3051
    pantry-tree:
      sha256: 5f45965abaf9a76cf9f91a2a54803ed34cf7987c2fe87dac1782f8f8be65bf35
      size: 168
  original:
    hackage: proto-lens-runtime-0.7.0.3
- completed:
    hackage: random-1.2.1@sha256:8bee24dc0c985a90ee78d94c61f8aed21c49633686f0f1c14c5078d818ee43a2,6598
    pantry-tree:
      sha256: 8bdc994ce41f43624ab42302a881fe5a0f81d965f5d238841e24943664681a06
      size: 1528
  original:
    hackage: random-1.2.1
- completed:
    hackage: thread-utils-context-0.2.0.0@sha256:7863e568c7a43cd21616342d20484d4c962aaa9710619f104c6fb7ee32273940,1883
    pantry-tree:
      sha256: 605ea068880ad39c96fce0d91db9f2d54553ed43dfc41c37845fade8be2e9568
      size: 450
  original:
    hackage: thread-utils-context-0.2.0.0
- completed:
    hackage: thread-utils-finalizers-0.1.0.0@sha256:a8435240bfc0ae96c94704d2986699a11a395c496f9a7f2e5f5d729a0b967549,1381
    pantry-tree:
      sha256: 7f708d158d5d0e32ffe77f6375a792ceb6f92e4d8dd8b32fc69e7de962e7e518
      size: 400
  original:
    hackage: thread-utils-finalizers-0.1.0.0
snapshots:
- completed:
    sha256: 428ec8d5ce932190d3cbe266b9eb3c175cd81e984babf876b64019e2cbe4ea68
    size: 590100
    url: https://raw.githubusercontent.com/commercialhaskell/stackage-snapshots/master/lts/18/28.yaml
  original: lts-18.28
