# This file was autogenerated by Stack.
# You should not edit this file by hand.
# For more information, please see the documentation at:
#   https://docs.haskellstack.org/en/stable/lock_files

packages:
- completed:
    hackage: Blammo-1.0.2.2@sha256:ffa21d4b43dbd871e9b97918412581bc7b34d95b1fe0ce058afe925d44b641e1,4166
    pantry-tree:
      sha256: 45eadbef288fdfd99dcf8090d65a05ad7d6126103397e88d13210fb2aff2b4c2
      size: 1257
  original:
    hackage: Blammo-1.0.2.2
- completed:
    hackage: bugsnag-1.0.0.1@sha256:a5b7afd9ff5bab322c1ce267ff0645afd7072071371462a0335f550609aa2546,4412
    pantry-tree:
      sha256: d76d9f0f1468a6ecf4bb7b7f5f74fc3819009a99d983dff7a8285cc27e1c34f1
      size: 1527
  original:
    hackage: bugsnag-1.0.0.1
- completed:
    hackage: bugsnag-wai-1.0.0.1@sha256:6d9ed5cc2450bcb2150aec4825df1376d6930f9ed4e79b0e74d30379a226418a,3196
    pantry-tree:
      sha256: c80a4c4e15eb2fd164fe430e4c1c420e62de42a1adaf415ac07befa8d0b36045
      size: 454
  original:
    hackage: bugsnag-wai-1.0.0.1
- completed:
    hackage: context-0.2.0.1@sha256:b5a1390a5ad11b7edd0449c9ef96823f082bff4988bd09583e37a4e93e9aad10,1891
    pantry-tree:
      sha256: ebb043dd007864588c6b1676a0d30e521deab4353a3f19716f6f6f7d52b62817
      size: 952
  original:
    hackage: context-0.2.0.1
- completed:
    hackage: ekg-core-0.1.1.7@sha256:f4f97b11411f18b7fe6eb85542445684c69dcb6ee3aebf995ca3052dc8970016,2037
    pantry-tree:
      sha256: 251452bdfd5fc7c9150f75d5842b0c5b6d1f72e5bef6af37f8873f37872be4d2
      size: 1073
  original:
    hackage: ekg-core-0.1.1.7
- completed:
    hackage: envparse-0.5.0@sha256:ba9ad793ed2fcfce644b3ebb8eb6c2fef2e44924f75e1b324956340e664c416e,2849
    pantry-tree:
      sha256: 419a6843224ad32755064276f8e36500c71238db1b5807a2c9596fa4ed909a5a
      size: 1181
  original:
    hackage: envparse-0.5.0
- completed:
    hackage: hspec-junit-formatter-1.1.0.2@sha256:9c30765a224e00d44686e47372f77415e54433823588a4a9637163c2750a1f5f,3825
    pantry-tree:
      sha256: 26c7f7fd08ba06b03e8e253902af8e9619d4bc5c7788caf61991d713b1467fc5
      size: 955
  original:
    hackage: hspec-junit-formatter-1.1.0.2
- completed:
    hackage: memcache-0.3.0.1@sha256:d69c6365b32a8bb8b7252d8040fb6d6304ce032604ffdfc2990a31778e4b54dd,3779
    pantry-tree:
      sha256: 30ea6868da386ad0dd69001441388da646aa72ab557bcbb19e6e6de0d5a77165
      size: 944
  original:
    hackage: memcache-0.3.0.1
- completed:
    hackage: monad-logger-aeson-0.3.0.2@sha256:28b424cef9799aa4a3e8680431dd571ba07b2fb05d4928703c209ee07a0c0a97,5193
    pantry-tree:
      sha256: 9650ba64ec9e7eacb0ea6132c262ad458c78dfa9bc29cee5ade8c0bd8994cb27
      size: 5103
  original:
    hackage: monad-logger-aeson-0.3.0.2
- completed:
    hackage: monad-validate-1.2.0.1@sha256:5a100da896f11ca4b7c123da85decbedeb46c37054a097f258ac911e715cb68d,2587
    pantry-tree:
      sha256: 034ee4de9765e38b763f5d73b236cc112205728e680cefbfe12d2882accc3264
      size: 611
  original:
    hackage: monad-validate-1.2.0.1
- completed:
    hackage: scientist-0.0.0.0@sha256:058c629a6805668f3a16c386dbc5dd90c1ce55ff2c7cf5672f0410bdb873d04c,2999
    pantry-tree:
      sha256: 370ee941c6ce59486e5c27a1ce294e50ea47aa36a5bdd4f4eee0cd4834d8b763
      size: 1061
  original:
    hackage: scientist-0.0.0.0
- completed:
    hackage: hs-opentelemetry-api-0.0.3.6@sha256:76345dca8efda3040f58e85fa8b17264505177928bd035936132448715437a7c,3428
    pantry-tree:
      sha256: 6bcb617406e61a2fa68ebc313fad675671ac8acb57a144da41201fa1a75cdaa3
      size: 2907
  original:
    hackage: hs-opentelemetry-api-0.0.3.6
- completed:
    hackage: hs-opentelemetry-awsxray-0.1.0.1@sha256:dec49a81296c91a64a5a7037ac967c0f952974eed6c92de56e58b0eef58561c1,3602
    pantry-tree:
      sha256: 0388ea8f8cb3761fb719316b69ebe663c7c978053de231a0aafc305ee43c3e06
      size: 977
  original:
    hackage: hs-opentelemetry-awsxray-0.1.0.1
- completed:
    hackage: hs-opentelemetry-exporter-otlp-0.0.1.4@sha256:25fcf5c2173f1dd3fe4f288f3232da70e9d8398363430932b7e2a278f78c3765,2150
    pantry-tree:
      sha256: 6d2ae7125938614e10d01b317d10bfd4575bb62889360c4476dda2b904766cda
      size: 400
  original:
    hackage: hs-opentelemetry-exporter-otlp-0.0.1.4
- completed:
    hackage: hs-opentelemetry-instrumentation-persistent-0.0.1.0@sha256:5963e5bf98ccf73543955ebd523c2a4776f7e6a2edf0feabbc44664153662caf,1669
    pantry-tree:
      sha256: 0cf9da228de66c804c8f945cc90301aa76b85d872011afb0bcaf02569c7b0903
      size: 424
  original:
    hackage: hs-opentelemetry-instrumentation-persistent-0.0.1.0
- completed:
    hackage: hs-opentelemetry-otlp-0.0.1.0@sha256:88bb6b68f172a336f78018b0823f47363fb7408eb19f7301489f81ad4d5c0f33,2307
    pantry-tree:
      sha256: e56292fc693805babed3c7ba7fc54e59d2e9adbc38de6bcc659009e8b10b9a1b
      size: 2252
  original:
    hackage: hs-opentelemetry-otlp-0.0.1.0
- completed:
    hackage: hs-opentelemetry-propagator-w3c-0.0.1.2@sha256:ba1e33ff73bec76ec53b049b0cb3d1a65a6849a60c0da08bbef308f0edc241d1,1751
    pantry-tree:
      sha256: 3f3a81317fe511bf11191d6ea186d7c98c7fd794b32cc358606ee681637b2a0e
      size: 496
  original:
    hackage: hs-opentelemetry-propagator-w3c-0.0.1.2
- completed:
    hackage: hs-opentelemetry-sdk-0.0.3.4@sha256:b33cb9e705ea3c591df324976d47ae2b11087af6a0533221840cec2a929db331,3638
    pantry-tree:
      sha256: 7445b1dbd5c88677567712bb9cc4e2caa9ef3923662a2afcbad959c22c9b295e
      size: 1430
  original:
    hackage: hs-opentelemetry-sdk-0.0.3.4
- completed:
    hackage: thread-utils-context-0.2.0.0@sha256:7863e568c7a43cd21616342d20484d4c962aaa9710619f104c6fb7ee32273940,1883
    pantry-tree:
      sha256: 605ea068880ad39c96fce0d91db9f2d54553ed43dfc41c37845fade8be2e9568
      size: 450
  original:
    hackage: thread-utils-context-0.2.0.0
- completed:
    hackage: thread-utils-finalizers-0.1.0.0@sha256:a8435240bfc0ae96c94704d2986699a11a395c496f9a7f2e5f5d729a0b967549,1381
    pantry-tree:
      sha256: 7f708d158d5d0e32ffe77f6375a792ceb6f92e4d8dd8b32fc69e7de962e7e518
      size: 400
  original:
    hackage: thread-utils-finalizers-0.1.0.0
snapshots:
- completed:
    sha256: 6d1532d40621957a25bad5195bfca7938e8a06d923c91bc52aa0f3c41181f2d4
    size: 619204
    url: https://raw.githubusercontent.com/commercialhaskell/stackage-snapshots/master/lts/19/33.yaml
  original: lts-19.33
