# This file was autogenerated by Stack.
# You should not edit this file by hand.
# For more information, please see the documentation at:
#   https://docs.haskellstack.org/en/stable/lock_files

packages:
- completed:
    hackage: Blammo-1.0.2.2@sha256:ffa21d4b43dbd871e9b97918412581bc7b34d95b1fe0ce058afe925d44b641e1,4166
    pantry-tree:
      size: 1257
      sha256: 45eadbef288fdfd99dcf8090d65a05ad7d6126103397e88d13210fb2aff2b4c2
  original:
    hackage: Blammo-1.0.2.2
- completed:
    hackage: bugsnag-1.0.0.1@sha256:a5b7afd9ff5bab322c1ce267ff0645afd7072071371462a0335f550609aa2546,4412
    pantry-tree:
      size: 1527
      sha256: d76d9f0f1468a6ecf4bb7b7f5f74fc3819009a99d983dff7a8285cc27e1c34f1
  original:
    hackage: bugsnag-1.0.0.1
- completed:
    hackage: bugsnag-wai-1.0.0.1@sha256:6d9ed5cc2450bcb2150aec4825df1376d6930f9ed4e79b0e74d30379a226418a,3196
    pantry-tree:
      size: 454
      sha256: c80a4c4e15eb2fd164fe430e4c1c420e62de42a1adaf415ac07befa8d0b36045
  original:
    hackage: bugsnag-wai-1.0.0.1
- completed:
    hackage: ekg-core-0.1.1.7@sha256:f4f97b11411f18b7fe6eb85542445684c69dcb6ee3aebf995ca3052dc8970016,2037
    pantry-tree:
      size: 1073
      sha256: 251452bdfd5fc7c9150f75d5842b0c5b6d1f72e5bef6af37f8873f37872be4d2
  original:
    hackage: ekg-core-0.1.1.7
- completed:
    hackage: envparse-0.5.0@sha256:ba9ad793ed2fcfce644b3ebb8eb6c2fef2e44924f75e1b324956340e664c416e,2849
    pantry-tree:
      size: 1181
      sha256: 419a6843224ad32755064276f8e36500c71238db1b5807a2c9596fa4ed909a5a
  original:
    hackage: envparse-0.5.0
- completed:
    hackage: hspec-junit-formatter-1.1.0.2@sha256:9c30765a224e00d44686e47372f77415e54433823588a4a9637163c2750a1f5f,3825
    pantry-tree:
      size: 955
      sha256: 26c7f7fd08ba06b03e8e253902af8e9619d4bc5c7788caf61991d713b1467fc5
  original:
    hackage: hspec-junit-formatter-1.1.0.2
- completed:
    hackage: memcache-0.3.0.1@sha256:d69c6365b32a8bb8b7252d8040fb6d6304ce032604ffdfc2990a31778e4b54dd,3779
    pantry-tree:
      size: 944
      sha256: 30ea6868da386ad0dd69001441388da646aa72ab557bcbb19e6e6de0d5a77165
  original:
    hackage: memcache-0.3.0.1
- completed:
    hackage: monad-logger-aeson-0.3.0.2@sha256:28b424cef9799aa4a3e8680431dd571ba07b2fb05d4928703c209ee07a0c0a97,5193
    pantry-tree:
      size: 5103
      sha256: 9650ba64ec9e7eacb0ea6132c262ad458c78dfa9bc29cee5ade8c0bd8994cb27
  original:
    hackage: monad-logger-aeson-0.3.0.2
- completed:
    hackage: scientist-0.0.0.0@sha256:058c629a6805668f3a16c386dbc5dd90c1ce55ff2c7cf5672f0410bdb873d04c,2999
    pantry-tree:
      size: 1061
      sha256: 370ee941c6ce59486e5c27a1ce294e50ea47aa36a5bdd4f4eee0cd4834d8b763
  original:
    hackage: scientist-0.0.0.0
- completed:
    hackage: hspec-2.8.1@sha256:56ad90d6eff8b046aea6dbf87dd2518dc1b0c171acdfec785d02b26bdbbb1438,1709
    pantry-tree:
      size: 583
      sha256: 0b59b0066e8e0e2f198aa6e0b955ae52e83344ada56b51f12f546536ad83685c
  original:
    hackage: hspec-2.8.1
- completed:
    hackage: hspec-core-2.8.1@sha256:664ce9b49f473c3589f108d83a7e94f9c7f8d53ccbe59bb7e21ebc29ef875f7d,5065
    pantry-tree:
      size: 4312
      sha256: a19ca63031b1849e1c4c22004035db34e9f3afff5bb80045aa4b0edffaaf732a
  original:
    hackage: hspec-core-2.8.1
- completed:
    hackage: hspec-discover-2.8.1@sha256:bc492a149234cd60517e6bd9126e4bf36660700f54e49da3b51894b54e7c1bb9,2183
    pantry-tree:
      size: 1131
      sha256: 92366c772d6e3ac7224fe74d41e3a5dceca14b85cb27f35752d9d2f1c8d8eb25
  original:
    hackage: hspec-discover-2.8.1
- completed:
    hackage: bugsnag-hs-0.2.0.8@sha256:978e699292a3910040f1525335284fb066c1c81f82130769df146c134dfecc64,1525
    pantry-tree:
      size: 456
      sha256: b3959ee9116623e6a44a842521bd8a4396549d22c118d249d77ebc02c6ab8630
  original:
    hackage: bugsnag-hs-0.2.0.8
- completed:
    hackage: ua-parser-0.7.7.0@sha256:c79b871fe57109afe988c965fddfeaf21892afbe38b5644519d898768f742cb2,2651
    pantry-tree:
      size: 1390
      sha256: 6f38f1c6aa6130c23847be326ab50bbdb257bd347c74b61ffc95981facf692f9
  original:
    hackage: ua-parser-0.7.7.0
- completed:
    hackage: network-3.1.0.0@sha256:85b36fea1dfe92af91b38224d6ea84eb0b17c03d9aed0260413be226722b0cd2,4074
    pantry-tree:
      size: 3296
      sha256: 73580e0327c74a22776e1bfcc09aee25769b13de972a94a84a20f522596ebfed
  original:
    hackage: network-3.1.0.0
- completed:
    hackage: lens-aeson-1.1@sha256:5e370ed5785cb326ac901b0eb46e6f3be9ecdf9054cf6a165eed75079a05f3f1,2313
    pantry-tree:
      size: 809
      sha256: 3e2c4aa2317de24915669f70eb2a79f97c33072b272dfac12f7a286dde63a291
  original:
    hackage: lens-aeson-1.1
- completed:
    hackage: postgresql-simple-0.6.2@sha256:60f9e0473d21b83babd8f80ebd6e499fe2b4a463f1583579c87fcf87f962400f,5090
    pantry-tree:
      size: 4055
      sha256: 79534208b2a417a94f67a5e2212e87b5a1b83e2317d0620fa1ba2704888af33c
  original:
    hackage: postgresql-simple-0.6.2
- completed:
    hackage: aeson-1.5.2.0@sha256:d00c7aa51969b2849550e4dee14c9ce188504d55ed8d7f734ce9f6976db452f6,6786
    pantry-tree:
      size: 39758
      sha256: 992b01282d72e4db664289db69a846a4ec675379ca96824ba902a7541104d409
  original:
    hackage: aeson-1.5.2.0
- completed:
    hackage: context-0.2.0.1@sha256:b5a1390a5ad11b7edd0449c9ef96823f082bff4988bd09583e37a4e93e9aad10,1891
    pantry-tree:
      size: 952
      sha256: ebb043dd007864588c6b1676a0d30e521deab4353a3f19716f6f6f7d52b62817
  original:
    hackage: context-0.2.0.1
- completed:
    hackage: primitive-0.7.0.1@sha256:a381571c36edc7dca28b77fe8159b43c14c640087ec5946adacf949feec64231,3433
    pantry-tree:
      size: 3221
      sha256: fea4312bd404ad504e44a7fd933a3b3442c0a5e1c41bd8abec3c2e7282d88e18
  original:
    hackage: primitive-0.7.0.1
- completed:
    hackage: these-1.1@sha256:18ff38deaaf314cec509f9bd41c2a7a2a6b64210846eed89976173534b5bccb6,2650
    pantry-tree:
      size: 351
      sha256: 3b40e44bbd8f184b5c4a1a3134a4a0826a2aa03cd8b33f2e6533bd336e6f9fe8
  original:
    hackage: these-1.1
snapshots:
- completed:
    size: 524996
    url: https://raw.githubusercontent.com/commercialhaskell/stackage-snapshots/master/lts/14/27.yaml
    sha256: 7ea31a280c56bf36ff591a7397cc384d0dff622e7f9e4225b47d8980f019a0f0
  original: lts-14.27
