# This file was autogenerated by Stack.
# You should not edit this file by hand.
# For more information, please see the documentation at:
#   https://docs.haskellstack.org/en/stable/lock_files

packages:
- completed:
    hackage: datadog-0.3.0.0@sha256:c36a0e2d7b1f1c24b0b405df8b0bf3a17f6512f1da02f8c444fbb64944b0114b,3439
    pantry-tree:
      size: 1488
      sha256: 6c3d2da0a57d62f41a753cb3e973162e1a62e7554c28cc5fc18ff85b252583f1
  original:
    hackage: datadog-0.3.0.0
- completed:
    hackage: hspec-junit-formatter-1.1.0.1@sha256:0365b3a5aa2e292604826c7cf99ace8b3248a369d8f5821edff9bc1031e16a5c,3853
    pantry-tree:
      size: 955
      sha256: 8220f330aacc9af1538624b03d2e01a5fcd9ba62c71401159a25cb731bde520e
  original:
    hackage: hspec-junit-formatter-1.1.0.1
- completed:
    size: 16090
    url: https://github.com/freckle/ekg-core/archive/43aac16a0ac762b5997a62d0fbae96242d54fe14.tar.gz
    name: ekg-core
    version: 0.1.1.7
    sha256: fd8b1730a845b1af692baf0801973940e08397ad24b832aaa45c0d2507a23f30
    pantry-tree:
      size: 1280
      sha256: c2cc14649b56ed1e5ffcb9b81e8fd3458915514c0e27759cc84d7753d69653f2
  original:
    url: https://github.com/freckle/ekg-core/archive/43aac16a0ac762b5997a62d0fbae96242d54fe14.tar.gz
snapshots:
- completed:
    size: 617355
    url: https://raw.githubusercontent.com/commercialhaskell/stackage-snapshots/master/lts/19/1.yaml
    sha256: cbd5e8593869445794924668479b5bd9f1738d075898623dceacc13b2576b6e3
  original: lts-19.1
