# This file was autogenerated by Stack.
# You should not edit this file by hand.
# For more information, please see the documentation at:
#   https://docs.haskellstack.org/en/stable/lock_files

packages:
- completed:
    hackage: bugsnag-1.0.0.1@sha256:a5b7afd9ff5bab322c1ce267ff0645afd7072071371462a0335f550609aa2546,4412
    pantry-tree:
      size: 1527
      sha256: d76d9f0f1468a6ecf4bb7b7f5f74fc3819009a99d983dff7a8285cc27e1c34f1
  original:
    hackage: bugsnag-1.0.0.1
- completed:
    hackage: bugsnag-wai-1.0.0.1@sha256:6d9ed5cc2450bcb2150aec4825df1376d6930f9ed4e79b0e74d30379a226418a,3196
    pantry-tree:
      size: 454
      sha256: c80a4c4e15eb2fd164fe430e4c1c420e62de42a1adaf415ac07befa8d0b36045
  original:
    hackage: bugsnag-wai-1.0.0.1
- completed:
    hackage: hspec-2.8.1@sha256:56ad90d6eff8b046aea6dbf87dd2518dc1b0c171acdfec785d02b26bdbbb1438,1709
    pantry-tree:
      size: 583
      sha256: 0b59b0066e8e0e2f198aa6e0b955ae52e83344ada56b51f12f546536ad83685c
  original:
    hackage: hspec-2.8.1
- completed:
    hackage: hspec-core-2.8.1@sha256:7d51b4de1e9a3729942d39176fc711e7f925d1725897fd6a33fe03ffb151efd1,4955
    pantry-tree:
      size: 4312
      sha256: 22340a94c87218332673097c361e46c7002a54535e94c4a05fa5db071e99a022
  original:
    hackage: hspec-core-2.8.1
- completed:
    hackage: hspec-discover-2.8.1@sha256:bc492a149234cd60517e6bd9126e4bf36660700f54e49da3b51894b54e7c1bb9,2183
    pantry-tree:
      size: 1131
      sha256: 92366c772d6e3ac7224fe74d41e3a5dceca14b85cb27f35752d9d2f1c8d8eb25
  original:
    hackage: hspec-discover-2.8.1
- completed:
    hackage: hspec-junit-formatter-1.1.0.1@sha256:0365b3a5aa2e292604826c7cf99ace8b3248a369d8f5821edff9bc1031e16a5c,3853
    pantry-tree:
      size: 955
      sha256: 8220f330aacc9af1538624b03d2e01a5fcd9ba62c71401159a25cb731bde520e
  original:
    hackage: hspec-junit-formatter-1.1.0.1
- completed:
    hackage: memcache-0.3.0.1@sha256:d69c6365b32a8bb8b7252d8040fb6d6304ce032604ffdfc2990a31778e4b54dd,3779
    pantry-tree:
      size: 944
      sha256: 30ea6868da386ad0dd69001441388da646aa72ab557bcbb19e6e6de0d5a77165
  original:
    hackage: memcache-0.3.0.1
- completed:
    hackage: scientist-0.0.0.0@sha256:058c629a6805668f3a16c386dbc5dd90c1ce55ff2c7cf5672f0410bdb873d04c,2999
    pantry-tree:
      size: 1061
      sha256: 370ee941c6ce59486e5c27a1ce294e50ea47aa36a5bdd4f4eee0cd4834d8b763
  original:
    hackage: scientist-0.0.0.0
snapshots:
- completed:
    size: 534126
    url: https://raw.githubusercontent.com/commercialhaskell/stackage-snapshots/master/lts/16/31.yaml
    sha256: 637fb77049b25560622a224845b7acfe81a09fdb6a96a3c75997a10b651667f6
  original: lts-16.31
