# This file was autogenerated by Stack.
# You should not edit this file by hand.
# For more information, please see the documentation at:
#   https://docs.haskellstack.org/en/stable/lock_files

packages:
- completed:
    hackage: hspec-2.9.3@sha256:9b54d0c8ef8b3114aa39465a7b24658c987fbd6aab1479eafc00ee31da1be1de,1709
    pantry-tree:
      size: 583
      sha256: c4dc568111385baea4bd240d87fecf8df1d74474cca79b05e7af6009a7155550
  original:
    hackage: hspec-2.9.3
- completed:
    hackage: hspec-core-2.9.3@sha256:7ee9b50fa446eb05d8feb2314991fc836c914d5d2c3bda88e6dd272b38389325,6498
    pantry-tree:
      size: 5684
      sha256: 5f05075378d26124143b2bff028325338ace9e6d5fbbc74b1671ff367aaabb6c
  original:
    hackage: hspec-core-2.9.3
- completed:
    hackage: hspec-discover-2.9.3@sha256:9546ec2f89cff3770f470866bc47fb4b197c1d3180a862ccb053533133b4f8ee,2165
    pantry-tree:
      size: 828
      sha256: 5dca3f547fdb3f42d01eeb5bafd9d9b852d0cd6d8f5ed16b13fc257cff86285b
  original:
    hackage: hspec-discover-2.9.3
- completed:
    hackage: hspec-junit-formatter-1.1.0.1@sha256:0365b3a5aa2e292604826c7cf99ace8b3248a369d8f5821edff9bc1031e16a5c,3853
    pantry-tree:
      size: 955
      sha256: 8220f330aacc9af1538624b03d2e01a5fcd9ba62c71401159a25cb731bde520e
  original:
    hackage: hspec-junit-formatter-1.1.0.1
snapshots:
- completed:
    size: 590100
    url: https://raw.githubusercontent.com/commercialhaskell/stackage-snapshots/master/lts/18/28.yaml
    sha256: 428ec8d5ce932190d3cbe266b9eb3c175cd81e984babf876b64019e2cbe4ea68
  original: lts-18.28
