# This file was autogenerated by Stack.
# You should not edit this file by hand.
# For more information, please see the documentation at:
#   https://docs.haskellstack.org/en/stable/lock_files

packages:
- completed:
    hackage: bugsnag-1.0.0.0@sha256:0b5454bbf8527fc6e7f6fdbd4f21e0c1ce0387b690ee59175470d648f49a8cdc,4434
    pantry-tree:
      size: 1527
      sha256: 219c6dc7aa9f1f24c2d80994cff0a60c039480da48e04368fb7ea34283164f86
  original:
    hackage: bugsnag-1.0.0.0
- completed:
    hackage: bugsnag-hs-0.2.0.8@sha256:978e699292a3910040f1525335284fb066c1c81f82130769df146c134dfecc64,1525
    pantry-tree:
      size: 456
      sha256: b3959ee9116623e6a44a842521bd8a4396549d22c118d249d77ebc02c6ab8630
  original:
    hackage: bugsnag-hs-0.2.0.8
- completed:
    hackage: bugsnag-wai-1.0.0.0@sha256:ddac5c4fd3cf6b810de6d97459a7e84e4adedb31e01def748f16949e2768dccb,3196
    pantry-tree:
      size: 454
      sha256: 00ab354122f20c1daf46ad32e36fd10f5dbf3afdffa94a30241e1354f4941311
  original:
    hackage: bugsnag-wai-1.0.0.0
- completed:
    hackage: envparse-0.4.1@sha256:989902e6368532548f61de1fa245ad2b39176cddd8743b20071af519a709ce30,2842
    pantry-tree:
      size: 1180
      sha256: 35044d67979fe2a5cff05cf8736a06a265592433cdd03e13a72908ceed892612
  original:
    hackage: envparse-0.4.1
- completed:
    hackage: hspec-2.8.1@sha256:56ad90d6eff8b046aea6dbf87dd2518dc1b0c171acdfec785d02b26bdbbb1438,1709
    pantry-tree:
      size: 583
      sha256: 0b59b0066e8e0e2f198aa6e0b955ae52e83344ada56b51f12f546536ad83685c
  original:
    hackage: hspec-2.8.1
- completed:
    hackage: hspec-core-2.8.1@sha256:7d51b4de1e9a3729942d39176fc711e7f925d1725897fd6a33fe03ffb151efd1,4955
    pantry-tree:
      size: 4312
      sha256: 22340a94c87218332673097c361e46c7002a54535e94c4a05fa5db071e99a022
  original:
    hackage: hspec-core-2.8.1
- completed:
    hackage: hspec-discover-2.8.1@sha256:bc492a149234cd60517e6bd9126e4bf36660700f54e49da3b51894b54e7c1bb9,2183
    pantry-tree:
      size: 1131
      sha256: 92366c772d6e3ac7224fe74d41e3a5dceca14b85cb27f35752d9d2f1c8d8eb25
  original:
    hackage: hspec-discover-2.8.1
- completed:
    hackage: hspec-junit-formatter-1.1.0.1@sha256:0365b3a5aa2e292604826c7cf99ace8b3248a369d8f5821edff9bc1031e16a5c,3853
    pantry-tree:
      size: 955
      sha256: 8220f330aacc9af1538624b03d2e01a5fcd9ba62c71401159a25cb731bde520e
  original:
    hackage: hspec-junit-formatter-1.1.0.1
- completed:
    hackage: memcache-0.2.0.1@sha256:ea46587ade8d687b1cb6de0c45f660c0cfcbaf8c9f1a95363974fd2f86cd23f9,3741
    pantry-tree:
      size: 885
      sha256: 2839d271885abae6ce89655af4110e86370cda8d57db26e8025fec2961728c00
  original:
    hackage: memcache-0.2.0.1
- completed:
    hackage: scientist-0.0.0.0@sha256:058c629a6805668f3a16c386dbc5dd90c1ce55ff2c7cf5672f0410bdb873d04c,2999
    pantry-tree:
      size: 1061
      sha256: 370ee941c6ce59486e5c27a1ce294e50ea47aa36a5bdd4f4eee0cd4834d8b763
  original:
    hackage: scientist-0.0.0.0
snapshots:
- completed:
    size: 524996
    url: https://raw.githubusercontent.com/commercialhaskell/stackage-snapshots/master/lts/14/27.yaml
    sha256: 7ea31a280c56bf36ff591a7397cc384d0dff622e7f9e4225b47d8980f019a0f0
  original: lts-14.27
